
Microsoft Visual Studio Solution File, Format Version 11.00
# Visual Studio 2010
Project("{FAE04EC0-301F-11D3-BF4B-00C04F79EFBC}") = "ponywave", "Assembly-CSharp.csproj", "{03F0D8C2-3498-671B-43A9-AE22D06D13C9}"
EndProject
Project("{FAE04EC0-301F-11D3-BF4B-00C04F79EFBC}") = "ponywave", "Assembly-CSharp-Editor.csproj", "{BB03C54C-38DD-4122-19A7-A7C25CBCC3CB}"
EndProject
Global
	GlobalSection(SolutionConfigurationPlatforms) = preSolution
		Debug|Any CPU = Debug|Any CPU
		Release|Any CPU = Release|Any CPU
	EndGlobalSection
	GlobalSection(ProjectConfigurationPlatforms) = postSolution
		{03F0D8C2-3498-671B-43A9-AE22D06D13C9}.Debug|Any CPU.ActiveCfg = Debug|Any CPU
		{03F0D8C2-3498-671B-43A9-AE22D06D13C9}.Debug|Any CPU.Build.0 = Debug|Any CPU
		{03F0D8C2-3498-671B-43A9-AE22D06D13C9}.Release|Any CPU.ActiveCfg = Release|Any CPU
		{03F0D8C2-3498-671B-43A9-AE22D06D13C9}.Release|Any CPU.Build.0 = Release|Any CPU
		{BB03C54C-38DD-4122-19A7-A7C25CBCC3CB}.Debug|Any CPU.ActiveCfg = Debug|Any CPU
		{BB03C54C-38DD-4122-19A7-A7C25CBCC3CB}.Debug|Any CPU.Build.0 = Debug|Any CPU
		{BB03C54C-38DD-4122-19A7-A7C25CBCC3CB}.Release|Any CPU.ActiveCfg = Release|Any CPU
		{BB03C54C-38DD-4122-19A7-A7C25CBCC3CB}.Release|Any CPU.Build.0 = Release|Any CPU
	EndGlobalSection
	GlobalSection(SolutionProperties) = preSolution
		HideSolutionNode = FALSE
	EndGlobalSection
	GlobalSection(MonoDevelopProperties) = preSolution
		StartupItem = Assembly-CSharp.csproj
	EndGlobalSection
EndGlobal
